{
  "name": "clean-code-architecture-starter",
  "version": "1.1.3",
  "lockfileVersion": 3,
  "requires": true,
  "packages": {
    "": {
      "name": "clean-code-architecture-starter",
      "version": "1.1.3",
      "license": "ISC",
      "dependencies": {
        "@types/ncp": "^2.0.8",
        "@types/node": "^20.12.8",
        "clean-code-architecture-starter": "^1.1.0"
      },
      "bin": {
        "cleanCode-starter": "bin/clean-code-architecture.js"
      }
    },
    "node_modules/@types/ncp": {
      "version": "2.0.8",
      "resolved": "https://registry.npmjs.org/@types/ncp/-/ncp-2.0.8.tgz",
      "integrity": "sha512-pLNWVLCVWBLVM4F2OPjjK6FWFtByFKD7LhHryF+MbVLws7ENj09mKxRFlhkGPOXfJuaBAG+2iADKJsZwnAbYDw==",
      "dependencies": {
        "@types/node": "*"
      }
    },
    "node_modules/@types/node": {
      "version": "20.12.8",
      "resolved": "https://registry.npmjs.org/@types/node/-/node-20.12.8.tgz",
      "integrity": "sha512-NU0rJLJnshZWdE/097cdCBbyW1h4hEg0xpovcoAQYHl8dnEyp/NAOiE45pvc+Bd1Dt+2r94v2eGFpQJ4R7g+2w==",
      "dependencies": {
        "undici-types": "~5.26.4"
      }
    },
    "node_modules/clean-code-architecture-starter": {
      "version": "1.1.3",
      "resolved": "https://registry.npmjs.org/clean-code-architecture-starter/-/clean-code-architecture-starter-1.1.3.tgz",
      "integrity": "sha512-dQHON/L4UstOBwZwHseRee76B3jrnF8SnqamRonXhhTqVvQBAr1bk+YdrPWxP+iz/kB+qQRgKTrHROgKDz95Eg==",
      "dependencies": {
        "@types/ncp": "^2.0.8",
        "@types/node": "^20.12.8",
        "clean-code-architecture-starter": "^1.1.0"
      },
      "bin": {
        "cleanCode-starter": "bin/clean-code-architecture.js"
      }
    },
    "node_modules/undici-types": {
      "version": "5.26.5",
      "resolved": "https://registry.npmjs.org/undici-types/-/undici-types-5.26.5.tgz",
      "integrity": "sha512-JlCMO+ehdEIKqlFxk6IfVoAUVmgz7cU7zD/h9XZ0qzeosSHmUJVOzSQvvYSYWXkFXC+IfLKSIffhv0sVZup6pA=="
    }
  }
}
